
Microsoft Visual Studio Solution File, Format Version 12.00
# Visual Studio Version 17
VisualStudioVersion = 17.0.31903.59
MinimumVisualStudioVersion = 10.0.40219.1
Project("{2150E333-8FDC-42A3-9474-1A3956D46DE8}") = "src", "src", "{AFD4661C-15B6-43BC-A1E6-7CB9FC8A7E1A}"
EndProject
Project("{2150E333-8FDC-42A3-9474-1A3956D46DE8}") = "shared", "shared", "{D41FEEBF-D72B-4CA5-A7D9-9D086652749B}"
EndProject
Project("{FAE04EC0-301F-11D3-BF4B-00C04F79EFBC}") = "Hearth.Protocol", "src\shared\Hearth.Protocol\Hearth.Protocol.csproj", "{C5A036F0-4303-4260-B185-1DDBDCD80059}"
EndProject
Project("{FAE04EC0-301F-11D3-BF4B-00C04F79EFBC}") = "Hearth.Abstractions", "src\shared\Hearth.Abstractions\Hearth.Abstractions.csproj", "{91F7087E-8BD7-44D7-A2DC-E8106A72F5E0}"
EndProject
Project("{2150E333-8FDC-42A3-9474-1A3956D46DE8}") = "server", "server", "{618A8D2F-D813-4EFB-B65C-D013654575DB}"
EndProject
Project("{FAE04EC0-301F-11D3-BF4B-00C04F79EFBC}") = "Hearth.SourceQuery", "src\server\Hearth.SourceQuery\Hearth.SourceQuery.csproj", "{9C8F3FF8-9DB6-43A9-8280-40DD7F2C1DB9}"
EndProject
Project("{FAE04EC0-301F-11D3-BF4B-00C04F79EFBC}") = "Hearth.Rcon", "src\server\Hearth.Rcon\Hearth.Rcon.csproj", "{1FDF1464-EDA8-48CF-B03F-1E9A5573BA5A}"
EndProject
Project("{FAE04EC0-301F-11D3-BF4B-00C04F79EFBC}") = "Hearth.Persistence", "src\server\Hearth.Persistence\Hearth.Persistence.csproj", "{2AA7E10D-6DAB-4AB3-9203-5969D09D90DD}"
EndProject
Project("{FAE04EC0-301F-11D3-BF4B-00C04F79EFBC}") = "HearthServer", "src\server\HearthServer\HearthServer.csproj", "{572E9CC5-9D90-4338-AE7F-03B8080ADDD2}"
EndProject
Project("{2150E333-8FDC-42A3-9474-1A3956D46DE8}") = "tests", "tests", "{F089B18F-B7B2-46D5-B3E3-BE6ACCD4590B}"
EndProject
Project("{FAE04EC0-301F-11D3-BF4B-00C04F79EFBC}") = "HearthServer.Tests", "tests\HearthServer.Tests\HearthServer.Tests.csproj", "{9968C859-E0DA-4D85-B002-13A45D31D221}"
EndProject
Project("{FAE04EC0-301F-11D3-BF4B-00C04F79EFBC}") = "Hearth.Protocol.Tests", "tests\Hearth.Protocol.Tests\Hearth.Protocol.Tests.csproj", "{1A1D6798-C533-470E-8F7D-826FAB5A5D05}"
EndProject
Project("{FAE04EC0-301F-11D3-BF4B-00C04F79EFBC}") = "Hearth.Integration.Tests", "tests\Hearth.Integration.Tests\Hearth.Integration.Tests.csproj", "{9E317B4F-07B4-451C-BFBE-07AB3778BB55}"
EndProject
Global
	GlobalSection(SolutionConfigurationPlatforms) = preSolution
		Debug|Any CPU = Debug|Any CPU
		Release|Any CPU = Release|Any CPU
	EndGlobalSection
	GlobalSection(SolutionProperties) = preSolution
		HideSolutionNode = FALSE
	EndGlobalSection
	GlobalSection(ProjectConfigurationPlatforms) = postSolution
		{C5A036F0-4303-4260-B185-1DDBDCD80059}.Debug|Any CPU.ActiveCfg = Debug|Any CPU
		{C5A036F0-4303-4260-B185-1DDBDCD80059}.Debug|Any CPU.Build.0 = Debug|Any CPU
		{C5A036F0-4303-4260-B185-1DDBDCD80059}.Release|Any CPU.ActiveCfg = Release|Any CPU
		{C5A036F0-4303-4260-B185-1DDBDCD80059}.Release|Any CPU.Build.0 = Release|Any CPU
		{91F7087E-8BD7-44D7-A2DC-E8106A72F5E0}.Debug|Any CPU.ActiveCfg = Debug|Any CPU
		{91F7087E-8BD7-44D7-A2DC-E8106A72F5E0}.Debug|Any CPU.Build.0 = Debug|Any CPU
		{91F7087E-8BD7-44D7-A2DC-E8106A72F5E0}.Release|Any CPU.ActiveCfg = Release|Any CPU
		{91F7087E-8BD7-44D7-A2DC-E8106A72F5E0}.Release|Any CPU.Build.0 = Release|Any CPU
		{9C8F3FF8-9DB6-43A9-8280-40DD7F2C1DB9}.Debug|Any CPU.ActiveCfg = Debug|Any CPU
		{9C8F3FF8-9DB6-43A9-8280-40DD7F2C1DB9}.Debug|Any CPU.Build.0 = Debug|Any CPU
		{9C8F3FF8-9DB6-43A9-8280-40DD7F2C1DB9}.Release|Any CPU.ActiveCfg = Release|Any CPU
		{9C8F3FF8-9DB6-43A9-8280-40DD7F2C1DB9}.Release|Any CPU.Build.0 = Release|Any CPU
		{1FDF1464-EDA8-48CF-B03F-1E9A5573BA5A}.Debug|Any CPU.ActiveCfg = Debug|Any CPU
		{1FDF1464-EDA8-48CF-B03F-1E9A5573BA5A}.Debug|Any CPU.Build.0 = Debug|Any CPU
		{1FDF1464-EDA8-48CF-B03F-1E9A5573BA5A}.Release|Any CPU.ActiveCfg = Release|Any CPU
		{1FDF1464-EDA8-48CF-B03F-1E9A5573BA5A}.Release|Any CPU.Build.0 = Release|Any CPU
		{2AA7E10D-6DAB-4AB3-9203-5969D09D90DD}.Debug|Any CPU.ActiveCfg = Debug|Any CPU
		{2AA7E10D-6DAB-4AB3-9203-5969D09D90DD}.Debug|Any CPU.Build.0 = Debug|Any CPU
		{2AA7E10D-6DAB-4AB3-9203-5969D09D90DD}.Release|Any CPU.ActiveCfg = Release|Any CPU
		{2AA7E10D-6DAB-4AB3-9203-5969D09D90DD}.Release|Any CPU.Build.0 = Release|Any CPU
		{572E9CC5-9D90-4338-AE7F-03B8080ADDD2}.Debug|Any CPU.ActiveCfg = Debug|Any CPU
		{572E9CC5-9D90-4338-AE7F-03B8080ADDD2}.Debug|Any CPU.Build.0 = Debug|Any CPU
		{572E9CC5-9D90-4338-AE7F-03B8080ADDD2}.Release|Any CPU.ActiveCfg = Release|Any CPU
		{572E9CC5-9D90-4338-AE7F-03B8080ADDD2}.Release|Any CPU.Build.0 = Release|Any CPU
		{9968C859-E0DA-4D85-B002-13A45D31D221}.Debug|Any CPU.ActiveCfg = Debug|Any CPU
		{9968C859-E0DA-4D85-B002-13A45D31D221}.Debug|Any CPU.Build.0 = Debug|Any CPU
		{9968C859-E0DA-4D85-B002-13A45D31D221}.Release|Any CPU.ActiveCfg = Release|Any CPU
		{9968C859-E0DA-4D85-B002-13A45D31D221}.Release|Any CPU.Build.0 = Release|Any CPU
		{1A1D6798-C533-470E-8F7D-826FAB5A5D05}.Debug|Any CPU.ActiveCfg = Debug|Any CPU
		{1A1D6798-C533-470E-8F7D-826FAB5A5D05}.Debug|Any CPU.Build.0 = Debug|Any CPU
		{1A1D6798-C533-470E-8F7D-826FAB5A5D05}.Release|Any CPU.ActiveCfg = Release|Any CPU
		{1A1D6798-C533-470E-8F7D-826FAB5A5D05}.Release|Any CPU.Build.0 = Release|Any CPU
		{9E317B4F-07B4-451C-BFBE-07AB3778BB55}.Debug|Any CPU.ActiveCfg = Debug|Any CPU
		{9E317B4F-07B4-451C-BFBE-07AB3778BB55}.Debug|Any CPU.Build.0 = Debug|Any CPU
		{9E317B4F-07B4-451C-BFBE-07AB3778BB55}.Release|Any CPU.ActiveCfg = Release|Any CPU
		{9E317B4F-07B4-451C-BFBE-07AB3778BB55}.Release|Any CPU.Build.0 = Release|Any CPU
	EndGlobalSection
	GlobalSection(NestedProjects) = preSolution
		{D41FEEBF-D72B-4CA5-A7D9-9D086652749B} = {AFD4661C-15B6-43BC-A1E6-7CB9FC8A7E1A}
		{C5A036F0-4303-4260-B185-1DDBDCD80059} = {D41FEEBF-D72B-4CA5-A7D9-9D086652749B}
		{91F7087E-8BD7-44D7-A2DC-E8106A72F5E0} = {D41FEEBF-D72B-4CA5-A7D9-9D086652749B}
		{618A8D2F-D813-4EFB-B65C-D013654575DB} = {AFD4661C-15B6-43BC-A1E6-7CB9FC8A7E1A}
		{9C8F3FF8-9DB6-43A9-8280-40DD7F2C1DB9} = {618A8D2F-D813-4EFB-B65C-D013654575DB}
		{1FDF1464-EDA8-48CF-B03F-1E9A5573BA5A} = {618A8D2F-D813-4EFB-B65C-D013654575DB}
		{2AA7E10D-6DAB-4AB3-9203-5969D09D90DD} = {618A8D2F-D813-4EFB-B65C-D013654575DB}
		{572E9CC5-9D90-4338-AE7F-03B8080ADDD2} = {618A8D2F-D813-4EFB-B65C-D013654575DB}
		{9968C859-E0DA-4D85-B002-13A45D31D221} = {F089B18F-B7B2-46D5-B3E3-BE6ACCD4590B}
		{1A1D6798-C533-470E-8F7D-826FAB5A5D05} = {F089B18F-B7B2-46D5-B3E3-BE6ACCD4590B}
		{9E317B4F-07B4-451C-BFBE-07AB3778BB55} = {F089B18F-B7B2-46D5-B3E3-BE6ACCD4590B}
	EndGlobalSection
EndGlobal
